<?xml version="1.0" encoding="UTF-8" standalone="yes" ?>
<CodeBlocks_project_file>
	<FileVersion major="1" minor="6" />
	<Project>
		<Option title="hextrade" />
		<Option pch_mode="2" />
		<Option compiler="gcc" />
		<Build>
			<Target title="Start">
				<Option output="hextrade" prefix_auto="1" extension_auto="1" />
				<Option object_output="C:\erikprogram\hextrade\HexTrade - NEW\.objs" />
				<Option type="0" />
				<Option compiler="gcc" />
				<Compiler>
					<Add option="-O2" />
				</Compiler>
				<Linker>
					<Add option="-s" />
				</Linker>
			</Target>
		</Build>
		<Compiler>
			<Add option="-Wall" />
		</Compiler>
		<Linker>
			<Add library="C:\Program Files (x86)\CodeBlocks\MinGW\lib\libSOIL.a" />
			<Add library="opengl32" />
			<Add library="glu32" />
			<Add library="gdi32" />
			<Add library="C:\Program Files (x86)\CodeBlocks\MinGW\lib\libws2_32.a" />
			<Add library="C:\Program Files (x86)\CodeBlocks\MinGW\lib\OpenAL32.lib" />
		</Linker>
		<Unit filename="base64.cpp" />
		<Unit filename="base64.h" />
		<Unit filename="button.cpp" />
		<Unit filename="button.h" />
		<Unit filename="city.cpp" />
		<Unit filename="city.h" />
		<Unit filename="clientCom.cpp" />
		<Unit filename="clientCom.h" />
		<Unit filename="decal.cpp" />
		<Unit filename="decal.h" />
		<Unit filename="definitions.h" />
		<Unit filename="display.cpp" />
		<Unit filename="display.h" />
		<Unit filename="files_in_text.cpp" />
		<Unit filename="files_in_text.h" />
		<Unit filename="game.cpp" />
		<Unit filename="game.h" />
		<Unit filename="main.cpp" />
		<Unit filename="menu.cpp" />
		<Unit filename="menu.h" />
		<Unit filename="networkCom.cpp" />
		<Unit filename="networkCom.h" />
		<Unit filename="resource.h" />
		<Unit filename="resource.rc">
			<Option compilerVar="WINDRES" />
		</Unit>
		<Unit filename="serverCom.cpp" />
		<Unit filename="serverCom.h" />
		<Unit filename="sound.cpp" />
		<Unit filename="sound.h" />
		<Unit filename="sound_list.h" />
		<Unit filename="text_input_box.cpp" />
		<Unit filename="text_input_box.h" />
		<Unit filename="text_list.cpp" />
		<Unit filename="text_list.h" />
		<Unit filename="tile.cpp" />
		<Unit filename="tile.h" />
		<Unit filename="trade.cpp" />
		<Unit filename="trade.h" />
		<Unit filename="world.cpp" />
		<Unit filename="world.h" />
		<Extensions>
			<code_completion />
			<debugger />
		</Extensions>
	</Project>
</CodeBlocks_project_file>
